{
  "name": "mf.captnemo.in",
  "lockfileVersion": 3,
  "requires": true,
  "packages": {
    "": {
      "dependencies": {
        "@netlify/cache": "^3.0.8"
      }
    },
    "node_modules/@netlify/cache": {
      "version": "3.0.8",
      "resolved": "https://registry.npmjs.org/@netlify/cache/-/cache-3.0.8.tgz",
      "integrity": "sha512-b2raJBsAXsna2ASr2SbIJrZXHhKYAzTLctalvs+29FF8EbuAP8fpQRObo/8cW+uPIuRuJp2GPw+ms6dQTsrNBQ==",
      "license": "MIT",
      "dependencies": {
        "@netlify/runtime-utils": "2.1.0"
      },
      "engines": {
        "node": ">=20.6.1"
      }
    },
    "node_modules/@netlify/runtime-utils": {
      "version": "2.1.0",
      "resolved": "https://registry.npmjs.org/@netlify/runtime-utils/-/runtime-utils-2.1.0.tgz",
      "integrity": "sha512-z1h+wjB7IVYUsFZsuIYyNxiw5WWuylseY+eXaUDHBxNeLTlqziy+lz03QkR67CUR4Y790xGIhaHV00aOR2KAtw==",
      "license": "MIT",
      "engines": {
        "node": "^18.14.0 || >=20"
      }
    }
  }
}
